PODS:
  - Bolts (1.6.0):
    - Bolts/AppLinks (= 1.6.0)
    - Bolts/Tasks (= 1.6.0)
  - Bolts/AppLinks (1.6.0):
    - Bolts/Tasks
  - Bolts/Tasks (1.6.0)
  - FBSDKCoreKit (4.10.1):
    - Bolts (~> 1.5)
  - FBSDKLoginKit (4.10.1):
    - FBSDKCoreKit
  - Instabug (5.2)
  - Mixpanel (2.9.4):
    - Mixpanel/Mixpanel (= 2.9.4)
  - Mixpanel/Mixpanel (2.9.4)

DEPENDENCIES:
  - FBSDKCoreKit
  - FBSDKLoginKit
  - Instabug
  - Mixpanel

SPEC CHECKSUMS:
  Bolts: f52a250053bb517ca874523c3913776359ab3def
  FBSDKCoreKit: d2aaed5e9ab7d8d6301c533376a1fbff1cf3deb5
  FBSDKLoginKit: 699ff169080e3072de4b9b0faca90bf23dc36deb
  Instabug: 48c60e29b1dc8adb2bd80e7eb3c58bceba4ffb8e
  Mixpanel: 80d2ca9bb38ae91c1044d738e80fe448377ac89f

COCOAPODS: 0.39.0
